
Microsoft Visual Studio Solution File, Format Version 12.00
# Visual Studio Version 17
VisualStudioVersion = 17.14.36623.8
MinimumVisualStudioVersion = 10.0.40219.1
Project("{FAE04EC0-301F-11D3-BF4B-00C04F79EFBC}") = "MenuFlow", "MenuFlow\MenuFlow.csproj", "{4E8BD3F1-EBF1-4AA1-AFAD-9B7505C81852}"
EndProject
Project("{FAE04EC0-301F-11D3-BF4B-00C04F79EFBC}") = "MenuFlow.Library", "MenuFlow.Library\MenuFlow.Library.csproj", "{B5E92910-2DB4-4B69-B8B6-2CF0B0B930D7}"
EndProject
Project("{FAE04EC0-301F-11D3-BF4B-00C04F79EFBC}") = "TicketPriceChecker", "YouthOrPensioner\TicketPriceChecker.csproj", "{033B0192-6AFA-4931-BBB8-83915623F763}"
EndProject
Project("{FAE04EC0-301F-11D3-BF4B-00C04F79EFBC}") = "RepeatTenTimes", "RepeatTenTimes\RepeatTenTimes.csproj", "{E5F07815-0C70-4B64-BF2D-23E03EC8513F}"
EndProject
Project("{FAE04EC0-301F-11D3-BF4B-00C04F79EFBC}") = "TheThirdWord", "TheThirdWord\TheThirdWord.csproj", "{8AC276BB-172A-4606-9300-E32131261A31}"
EndProject
Global
	GlobalSection(SolutionConfigurationPlatforms) = preSolution
		Debug|Any CPU = Debug|Any CPU
		Release|Any CPU = Release|Any CPU
	EndGlobalSection
	GlobalSection(ProjectConfigurationPlatforms) = postSolution
		{4E8BD3F1-EBF1-4AA1-AFAD-9B7505C81852}.Debug|Any CPU.ActiveCfg = Debug|Any CPU
		{4E8BD3F1-EBF1-4AA1-AFAD-9B7505C81852}.Debug|Any CPU.Build.0 = Debug|Any CPU
		{4E8BD3F1-EBF1-4AA1-AFAD-9B7505C81852}.Release|Any CPU.ActiveCfg = Release|Any CPU
		{4E8BD3F1-EBF1-4AA1-AFAD-9B7505C81852}.Release|Any CPU.Build.0 = Release|Any CPU
		{B5E92910-2DB4-4B69-B8B6-2CF0B0B930D7}.Debug|Any CPU.ActiveCfg = Debug|Any CPU
		{B5E92910-2DB4-4B69-B8B6-2CF0B0B930D7}.Debug|Any CPU.Build.0 = Debug|Any CPU
		{B5E92910-2DB4-4B69-B8B6-2CF0B0B930D7}.Release|Any CPU.ActiveCfg = Release|Any CPU
		{B5E92910-2DB4-4B69-B8B6-2CF0B0B930D7}.Release|Any CPU.Build.0 = Release|Any CPU
		{033B0192-6AFA-4931-BBB8-83915623F763}.Debug|Any CPU.ActiveCfg = Debug|Any CPU
		{033B0192-6AFA-4931-BBB8-83915623F763}.Debug|Any CPU.Build.0 = Debug|Any CPU
		{033B0192-6AFA-4931-BBB8-83915623F763}.Release|Any CPU.ActiveCfg = Release|Any CPU
		{033B0192-6AFA-4931-BBB8-83915623F763}.Release|Any CPU.Build.0 = Release|Any CPU
		{E5F07815-0C70-4B64-BF2D-23E03EC8513F}.Debug|Any CPU.ActiveCfg = Debug|Any CPU
		{E5F07815-0C70-4B64-BF2D-23E03EC8513F}.Debug|Any CPU.Build.0 = Debug|Any CPU
		{E5F07815-0C70-4B64-BF2D-23E03EC8513F}.Release|Any CPU.ActiveCfg = Release|Any CPU
		{E5F07815-0C70-4B64-BF2D-23E03EC8513F}.Release|Any CPU.Build.0 = Release|Any CPU
		{8AC276BB-172A-4606-9300-E32131261A31}.Debug|Any CPU.ActiveCfg = Debug|Any CPU
		{8AC276BB-172A-4606-9300-E32131261A31}.Debug|Any CPU.Build.0 = Debug|Any CPU
		{8AC276BB-172A-4606-9300-E32131261A31}.Release|Any CPU.ActiveCfg = Release|Any CPU
		{8AC276BB-172A-4606-9300-E32131261A31}.Release|Any CPU.Build.0 = Release|Any CPU
	EndGlobalSection
	GlobalSection(SolutionProperties) = preSolution
		HideSolutionNode = FALSE
	EndGlobalSection
	GlobalSection(ExtensibilityGlobals) = postSolution
		SolutionGuid = {89AD5C93-EE7C-423A-85B0-F2AE9196FCAD}
	EndGlobalSection
EndGlobal
